# THIS IS AN AUTOGENERATED FILE. DO NOT EDIT THIS FILE DIRECTLY.
# yarn lockfile v1


"@cloudflare/workers-types@^4.20230518.0":
  version "4.20230518.0"
  resolved "https://registry.yarnpkg.com/@cloudflare/workers-types/-/workers-types-4.20230518.0.tgz#de1b0f71d68e2eac1b546542968ea2b837cb967e"
  integrity sha512-A0w1V+5SUawGaaPRlhFhSC/SCDT9oQG8TMoWOKFLA4qbqagELqEAFD4KySBIkeVOvCBLT1DZSYBMCxbXddl0kw==

"@preact/signals-core@^1.3.1":
  version "1.3.1"
  resolved "https://registry.yarnpkg.com/@preact/signals-core/-/signals-core-1.3.1.tgz#7554563a6f3fc3a91d58ca103597ebe280f48e3b"
  integrity sha512-DL+3kDssZ3UOMz9HufwSYE/gK0+TnT1jzegfF5rstgyPrnyfjz4BHAoxmzQA6Mkp4UlKe8qjsgl3v5a/obzNig==

"@preact/signals@^1.1.4":
  version "1.1.4"
  resolved "https://registry.yarnpkg.com/@preact/signals/-/signals-1.1.4.tgz#2591423f059e90f3cda2f87d081f7faf69cea2b3"
  integrity sha512-4s0U8yHfy6OzBjTx8lgG0JZGFq1y+ye7xLmaaI8SXyJ5p+jAtMKW40Mg3GDLISM5WyKnqbfrQ4SOmbq1VTBtTw==
  dependencies:
    "@preact/signals-core" "^1.3.1"

"@tsndr/cloudflare-worker-jwt@^2.2.1":
  version "2.2.1"
  resolved "https://registry.yarnpkg.com/@tsndr/cloudflare-worker-jwt/-/cloudflare-worker-jwt-2.2.1.tgz#d52bd14a4dc42254e8b117d8f781ea965cf2490e"
  integrity sha512-yYxjmag5AXXs7FDCUlse8cCTQlug3fbrqUb4/s4kvdauOg5wq2V6BayHD/OUWOGmgohefFRqu4vA5phU3+Cyng==

"@types/bs58@^4.0.1":
  version "4.0.1"
  resolved "https://registry.yarnpkg.com/@types/bs58/-/bs58-4.0.1.tgz#3d51222aab067786d3bc3740a84a7f5a0effaa37"
  integrity sha512-yfAgiWgVLjFCmRv8zAcOIHywYATEwiTVccTLnRp6UxTNavT55M9d/uhK3T03St/+8/z/wW+CRjGKUNmEqoHHCA==
  dependencies:
    base-x "^3.0.6"

"@types/node@^20.3.3":
  version "20.3.3"
  resolved "https://registry.yarnpkg.com/@types/node/-/node-20.3.3.tgz#329842940042d2b280897150e023e604d11657d6"
  integrity sha512-wheIYdr4NYML61AjC8MKj/2jrR/kDQri/CIpVoZwldwhnIrD/j9jIU5bJ8yBKuB2VhpFV7Ab6G2XkBjv9r9Zzw==

base-x@^3.0.6:
  version "3.0.9"
  resolved "https://registry.yarnpkg.com/base-x/-/base-x-3.0.9.tgz#6349aaabb58526332de9f60995e548a53fe21320"
  integrity sha512-H7JU6iBHTal1gp56aKoaa//YUxEaAOUiydvrV/pILqIHXTtqxSkATOnDA2u+jZ/61sD+L/412+7kzXRtWukhpQ==
  dependencies:
    safe-buffer "^5.0.1"

base-x@^4.0.0:
  version "4.0.0"
  resolved "https://registry.yarnpkg.com/base-x/-/base-x-4.0.0.tgz#d0e3b7753450c73f8ad2389b5c018a4af7b2224a"
  integrity sha512-FuwxlW4H5kh37X/oW59pwTzzTKRzfrrQwhmyspRM7swOEZcHtDZSCt45U6oKgtuFE+WYPblePMVIPR4RZrh/hw==

bs58@^5.0.0:
  version "5.0.0"
  resolved "https://registry.yarnpkg.com/bs58/-/bs58-5.0.0.tgz#865575b4d13c09ea2a84622df6c8cbeb54ffc279"
  integrity sha512-r+ihvQJvahgYT50JD05dyJNKlmmSlMoOGwn1lCcEzanPglg7TxYjioQUYehQ9mAR/+hOSd2jRc/Z2y5UxBymvQ==
  dependencies:
    base-x "^4.0.0"

cookie@^0.5.0:
  version "0.5.0"
  resolved "https://registry.yarnpkg.com/cookie/-/cookie-0.5.0.tgz#d1f5d71adec6558c58f389987c366aa47e994f8b"
  integrity sha512-YZ3GUyn/o8gfKJlnlX7g7xq4gyO6OSuhGPKaaGssGB2qgDUS0gPgtTvoyZLTt9Ab6dC4hfc9dV5arkvc/OCmrw==

decode-uri-component@^0.2.2:
  version "0.2.2"
  resolved "https://registry.yarnpkg.com/decode-uri-component/-/decode-uri-component-0.2.2.tgz#e69dbe25d37941171dd540e024c444cd5188e1e9"
  integrity sha512-FqUYQ+8o158GyGTrMFJms9qh3CqTKvAqgqsTnkLI8sKu0028orqBhxNMFkFen0zGyg6epACD32pjVk58ngIErQ==

filter-obj@^1.1.0:
  version "1.1.0"
  resolved "https://registry.yarnpkg.com/filter-obj/-/filter-obj-1.1.0.tgz#9b311112bc6c6127a16e016c6c5d7f19e0805c5b"
  integrity sha512-8rXg1ZnX7xzy2NGDVkBVaAy+lSlPNwad13BtgSlLuxfIslyt5Vg64U7tFcCt4WS1R0hvtnQybT/IyCkGZ3DpXQ==

is-mobile@^4.0.0:
  version "4.0.0"
  resolved "https://registry.yarnpkg.com/is-mobile/-/is-mobile-4.0.0.tgz#bba396eb9656e2739afde3053d7191da310fc758"
  integrity sha512-mlcHZA84t1qLSuWkt2v0I2l61PYdyQDt4aG1mLIXF5FDMm4+haBCxCPYSr/uwqQNRk1MiTizn0ypEuRAOLRAew==

preact-iso@^2.3.1:
  version "2.3.1"
  resolved "https://registry.yarnpkg.com/preact-iso/-/preact-iso-2.3.1.tgz#31ee75082c6acceb395171996b2c59f45df49ab4"
  integrity sha512-PtiG0dJlyvIDfvqROCybIFq96CS2s8nLg8ZR4Yporx3mPQ5FgWGNKb+ejjewtjEDMdCUlYmMT8SdapWEAxVJ2Q==

preact-render-to-string@^6.1.0:
  version "6.1.0"
  resolved "https://registry.yarnpkg.com/preact-render-to-string/-/preact-render-to-string-6.1.0.tgz#6e3c70dbb9662962b626836566b091c53b6d19ae"
  integrity sha512-/AsKU4Q4R8r4aKwwNQrkQQNUVEDmTeZr6IwesDffobFRPcTk4dSQrfo1VOcXjtlcUss6QYEe7JShUGbQIhaw+A==
  dependencies:
    pretty-format "^3.8.0"

preact-router@^4.1.1:
  version "4.1.1"
  resolved "https://registry.yarnpkg.com/preact-router/-/preact-router-4.1.1.tgz#06e7fab0896e22406f98fc997b1faadbfed06369"
  integrity sha512-+LGrB3b2nR7+8vzyHw8i2/TjZazs3oMJovIEgBChPBXMDSISmwj2WDynZh8KDxZRK2GuXlqHPk15mMjaYWZH4g==

preact@^10.15.1:
  version "10.15.1"
  resolved "https://registry.yarnpkg.com/preact/-/preact-10.15.1.tgz#a1de60c9fc0c79a522d969c65dcaddc5d994eede"
  integrity sha512-qs2ansoQEwzNiV5eAcRT1p1EC/dmEzaATVDJNiB3g2sRDWdA7b7MurXdJjB2+/WQktGWZwxvDrnuRFbWuIr64g==

pretty-format@^3.8.0:
  version "3.8.0"
  resolved "https://registry.yarnpkg.com/pretty-format/-/pretty-format-3.8.0.tgz#bfbed56d5e9a776645f4b1ff7aa1a3ac4fa3c385"
  integrity sha512-WuxUnVtlWL1OfZFQFuqvnvs6MiAGk9UNsBostyBOB0Is9wb5uRESevA6rnl/rkksXaGX3GzZhPup5d6Vp1nFew==

query-string@7.1.3:
  version "7.1.3"
  resolved "https://registry.yarnpkg.com/query-string/-/query-string-7.1.3.tgz#a1cf90e994abb113a325804a972d98276fe02328"
  integrity sha512-hh2WYhq4fi8+b+/2Kg9CEge4fDPvHS534aOOvOZeQ3+Vf2mCFsaFBYj0i+iXcAq6I9Vzp5fjMFBlONvayDC1qg==
  dependencies:
    decode-uri-component "^0.2.2"
    filter-obj "^1.1.0"
    split-on-first "^1.0.0"
    strict-uri-encode "^2.0.0"

safe-buffer@^5.0.1:
  version "5.2.1"
  resolved "https://registry.yarnpkg.com/safe-buffer/-/safe-buffer-5.2.1.tgz#1eaf9fa9bdb1fdd4ec75f58f9cdb4e6b7827eec6"
  integrity sha512-rp3So07KcdmmKbGvgaNxQSJr7bGVSVk5S9Eq1F+ppbRo70+YeaDxkw5Dd8NPN+GD6bjnYm2VuPuCXmpuYvmCXQ==

split-on-first@^1.0.0:
  version "1.1.0"
  resolved "https://registry.yarnpkg.com/split-on-first/-/split-on-first-1.1.0.tgz#f610afeee3b12bce1d0c30425e76398b78249a5f"
  integrity sha512-43ZssAJaMusuKWL8sKUBQXHWOpq8d6CfN/u1p4gUzfJkM05C8rxTmYrkIPTXapZpORA6LkkzcUulJ8FqA7Uudw==

strict-uri-encode@^2.0.0:
  version "2.0.0"
  resolved "https://registry.yarnpkg.com/strict-uri-encode/-/strict-uri-encode-2.0.0.tgz#b9c7330c7042862f6b142dc274bbcc5866ce3546"
  integrity sha512-QwiXZgpRcKkhTj2Scnn++4PKtWsH0kpzZ62L2R6c/LUVYv7hVnZqcg2+sMuT6R7Jusu1vviK/MFsu6kNJfWlEQ==

tweetnacl@^1.0.3:
  version "1.0.3"
  resolved "https://registry.yarnpkg.com/tweetnacl/-/tweetnacl-1.0.3.tgz#ac0af71680458d8a6378d0d0d050ab1407d35596"
  integrity sha512-6rt+RN7aOi1nGMyC4Xa5DdYiukl2UWCbcJft7YhxReBGQD7OAM8Pbxw6YMo4r2diNEA8FEmu32YOn9rhaiE5yw==

typescript@4:
  version "4.9.5"
  resolved "https://registry.yarnpkg.com/typescript/-/typescript-4.9.5.tgz#095979f9bcc0d09da324d58d03ce8f8374cbe65a"
  integrity sha512-1FXk9E2Hm+QzZQ7z+McJiHL4NW1F2EzMu9Nq9i3zAaGqibafqYwCVU6WyWAuyQRRzOlxou8xZSyXLEN8oKj24g==

wmr@^3.8.0:
  version "3.8.0"
  resolved "https://registry.yarnpkg.com/wmr/-/wmr-3.8.0.tgz#f816b54f2be60d831861994bf983c3b8e8e1f021"
  integrity sha512-W3f2nB80C9Y0uNZXWMoxINkz4HdBRxt5MvxmcFcMlO87Ybsf6ny23kVUUzU8RA2LX86CpReMHl2Y0BTMLezLRg==
